
Microsoft Visual Studio Solution File, Format Version 12.00
# Visual Studio 15
VisualStudioVersion = 15.0.27703.2026
MinimumVisualStudioVersion = 10.0.40219.1
Project("{FAE04EC0-301F-11D3-BF4B-00C04F79EFBC}") = "DataDemo.Web", "DataDemo.Web\DataDemo.Web.csproj", "{2E424A54-5F84-4B67-9B96-C87FBB909A41}"
EndProject
Global
	GlobalSection(SolutionConfigurationPlatforms) = preSolution
		Debug|Any CPU = Debug|Any CPU
		Release|Any CPU = Release|Any CPU
	EndGlobalSection
	GlobalSection(ProjectConfigurationPlatforms) = postSolution
		{2E424A54-5F84-4B67-9B96-C87FBB909A41}.Debug|Any CPU.ActiveCfg = Debug|Any CPU
		{2E424A54-5F84-4B67-9B96-C87FBB909A41}.Debug|Any CPU.Build.0 = Debug|Any CPU
		{2E424A54-5F84-4B67-9B96-C87FBB909A41}.Release|Any CPU.ActiveCfg = Release|Any CPU
		{2E424A54-5F84-4B67-9B96-C87FBB909A41}.Release|Any CPU.Build.0 = Release|Any CPU
	EndGlobalSection
	GlobalSection(SolutionProperties) = preSolution
		HideSolutionNode = FALSE
	EndGlobalSection
	GlobalSection(ExtensibilityGlobals) = postSolution
		SolutionGuid = {14446E14-2E14-48CB-B069-4DF3FC09DBED}
	EndGlobalSection
EndGlobal
